
Microsoft Visual Studio Solution File, Format Version 12.00
# Visual Studio Version 16
VisualStudioVersion = 16.0.29519.87
MinimumVisualStudioVersion = 10.0.40219.1
Project("{FAE04EC0-301F-11D3-BF4B-00C04F79EFBC}") = "gyak4_TM", "gyak4_TM\gyak4_TM.csproj", "{DCE9B3CF-24BA-4099-9AD9-BA0AD5B3D7C8}"
EndProject
Global
	GlobalSection(SolutionConfigurationPlatforms) = preSolution
		Debug|Any CPU = Debug|Any CPU
		Release|Any CPU = Release|Any CPU
	EndGlobalSection
	GlobalSection(ProjectConfigurationPlatforms) = postSolution
		{DCE9B3CF-24BA-4099-9AD9-BA0AD5B3D7C8}.Debug|Any CPU.ActiveCfg = Debug|Any CPU
		{DCE9B3CF-24BA-4099-9AD9-BA0AD5B3D7C8}.Debug|Any CPU.Build.0 = Debug|Any CPU
		{DCE9B3CF-24BA-4099-9AD9-BA0AD5B3D7C8}.Release|Any CPU.ActiveCfg = Release|Any CPU
		{DCE9B3CF-24BA-4099-9AD9-BA0AD5B3D7C8}.Release|Any CPU.Build.0 = Release|Any CPU
	EndGlobalSection
	GlobalSection(SolutionProperties) = preSolution
		HideSolutionNode = FALSE
	EndGlobalSection
	GlobalSection(ExtensibilityGlobals) = postSolution
		SolutionGuid = {BAE907F7-BC63-458A-978E-2CF07491D96E}
	EndGlobalSection
EndGlobal
