
Microsoft Visual Studio Solution File, Format Version 12.00
# Visual Studio Version 16
VisualStudioVersion = 16.0.29519.87
MinimumVisualStudioVersion = 10.0.40219.1
Project("{FAE04EC0-301F-11D3-BF4B-00C04F79EFBC}") = "WindowsFormsApp1", "WindowsFormsApp1\WindowsFormsApp1.csproj", "{2A4D5D99-5DCE-4972-8901-C97E2DDC7510}"
EndProject
Global
	GlobalSection(SolutionConfigurationPlatforms) = preSolution
		Debug|Any CPU = Debug|Any CPU
		Release|Any CPU = Release|Any CPU
	EndGlobalSection
	GlobalSection(ProjectConfigurationPlatforms) = postSolution
		{2A4D5D99-5DCE-4972-8901-C97E2DDC7510}.Debug|Any CPU.ActiveCfg = Debug|Any CPU
		{2A4D5D99-5DCE-4972-8901-C97E2DDC7510}.Debug|Any CPU.Build.0 = Debug|Any CPU
		{2A4D5D99-5DCE-4972-8901-C97E2DDC7510}.Release|Any CPU.ActiveCfg = Release|Any CPU
		{2A4D5D99-5DCE-4972-8901-C97E2DDC7510}.Release|Any CPU.Build.0 = Release|Any CPU
	EndGlobalSection
	GlobalSection(SolutionProperties) = preSolution
		HideSolutionNode = FALSE
	EndGlobalSection
	GlobalSection(ExtensibilityGlobals) = postSolution
		SolutionGuid = {329795A7-E532-4BC2-8B23-2D59935290B3}
	EndGlobalSection
EndGlobal
